
Microsoft Visual Studio Solution File, Format Version 12.00
Project("{FAE04EC0-301F-11D3-BF4B-00C04F79EFBC}") = "QOrchestrator", "QOrchestrator\QOrchestrator.csproj", "{FF47262A-07FC-42A6-96CE-664090FD7597}"
EndProject
Project("{FAE04EC0-301F-11D3-BF4B-00C04F79EFBC}") = "QOrchestrator.Tests", "QOrchestrator.Tests\QOrchestrator.Tests.csproj", "{C10E2F92-F814-4F38-81BF-A8353317DB00}"
EndProject
Global
	GlobalSection(SolutionConfigurationPlatforms) = preSolution
		Debug|Any CPU = Debug|Any CPU
		Release|Any CPU = Release|Any CPU
	EndGlobalSection
	GlobalSection(ProjectConfigurationPlatforms) = postSolution
		{FF47262A-07FC-42A6-96CE-664090FD7597}.Debug|Any CPU.ActiveCfg = Debug|Any CPU
		{FF47262A-07FC-42A6-96CE-664090FD7597}.Debug|Any CPU.Build.0 = Debug|Any CPU
		{FF47262A-07FC-42A6-96CE-664090FD7597}.Release|Any CPU.ActiveCfg = Release|Any CPU
		{FF47262A-07FC-42A6-96CE-664090FD7597}.Release|Any CPU.Build.0 = Release|Any CPU
		{C10E2F92-F814-4F38-81BF-A8353317DB00}.Debug|Any CPU.ActiveCfg = Debug|Any CPU
		{C10E2F92-F814-4F38-81BF-A8353317DB00}.Debug|Any CPU.Build.0 = Debug|Any CPU
		{C10E2F92-F814-4F38-81BF-A8353317DB00}.Release|Any CPU.ActiveCfg = Release|Any CPU
		{C10E2F92-F814-4F38-81BF-A8353317DB00}.Release|Any CPU.Build.0 = Release|Any CPU
	EndGlobalSection
EndGlobal
